
Microsoft Visual Studio Solution File, Format Version 12.00
# Visual Studio 2013
VisualStudioVersion = 12.0.31101.0
MinimumVisualStudioVersion = 10.0.40219.1
Project("{FAE04EC0-301F-11D3-BF4B-00C04F79EFBC}") = "vkApp", "vkApp\vkApp.csproj", "{D68F59DA-55C6-4B29-B271-0BD113C02C50}"
EndProject
Project("{FAE04EC0-301F-11D3-BF4B-00C04F79EFBC}") = "VkLib", "VkLib\VkLib.csproj", "{392FDF5C-05C6-47D7-BBD9-B00675D3BEF3}"
EndProject
Project("{6141683F-8A12-4E36-9623-2EB02B2C2303}") = "Setup", "Setup\Setup.isproj", "{00F95618-D8F5-4262-BE99-4D2C3C36A008}"
	ProjectSection(ProjectDependencies) = postProject
		{392FDF5C-05C6-47D7-BBD9-B00675D3BEF3} = {392FDF5C-05C6-47D7-BBD9-B00675D3BEF3}
		{D68F59DA-55C6-4B29-B271-0BD113C02C50} = {D68F59DA-55C6-4B29-B271-0BD113C02C50}
	EndProjectSection
EndProject
Global
	GlobalSection(SolutionConfigurationPlatforms) = preSolution
		CD_ROM|Any CPU = CD_ROM|Any CPU
		CD_ROM|x86 = CD_ROM|x86
		Debug|Any CPU = Debug|Any CPU
		Debug|x86 = Debug|x86
		DVD-5|Any CPU = DVD-5|Any CPU
		DVD-5|x86 = DVD-5|x86
		Release|Any CPU = Release|Any CPU
		Release|x86 = Release|x86
		SingleImage|Any CPU = SingleImage|Any CPU
		SingleImage|x86 = SingleImage|x86
	EndGlobalSection
	GlobalSection(ProjectConfigurationPlatforms) = postSolution
		{D68F59DA-55C6-4B29-B271-0BD113C02C50}.CD_ROM|Any CPU.ActiveCfg = Release|Any CPU
		{D68F59DA-55C6-4B29-B271-0BD113C02C50}.CD_ROM|Any CPU.Build.0 = Release|Any CPU
		{D68F59DA-55C6-4B29-B271-0BD113C02C50}.CD_ROM|x86.ActiveCfg = Release|Any CPU
		{D68F59DA-55C6-4B29-B271-0BD113C02C50}.Debug|Any CPU.ActiveCfg = Debug|Any CPU
		{D68F59DA-55C6-4B29-B271-0BD113C02C50}.Debug|Any CPU.Build.0 = Debug|Any CPU
		{D68F59DA-55C6-4B29-B271-0BD113C02C50}.Debug|x86.ActiveCfg = Debug|Any CPU
		{D68F59DA-55C6-4B29-B271-0BD113C02C50}.DVD-5|Any CPU.ActiveCfg = Debug|Any CPU
		{D68F59DA-55C6-4B29-B271-0BD113C02C50}.DVD-5|Any CPU.Build.0 = Debug|Any CPU
		{D68F59DA-55C6-4B29-B271-0BD113C02C50}.DVD-5|x86.ActiveCfg = Debug|Any CPU
		{D68F59DA-55C6-4B29-B271-0BD113C02C50}.Release|Any CPU.ActiveCfg = Release|Any CPU
		{D68F59DA-55C6-4B29-B271-0BD113C02C50}.Release|Any CPU.Build.0 = Release|Any CPU
		{D68F59DA-55C6-4B29-B271-0BD113C02C50}.Release|x86.ActiveCfg = Release|Any CPU
		{D68F59DA-55C6-4B29-B271-0BD113C02C50}.SingleImage|Any CPU.ActiveCfg = Release|Any CPU
		{D68F59DA-55C6-4B29-B271-0BD113C02C50}.SingleImage|Any CPU.Build.0 = Release|Any CPU
		{D68F59DA-55C6-4B29-B271-0BD113C02C50}.SingleImage|x86.ActiveCfg = Release|Any CPU
		{392FDF5C-05C6-47D7-BBD9-B00675D3BEF3}.CD_ROM|Any CPU.ActiveCfg = Release|Any CPU
		{392FDF5C-05C6-47D7-BBD9-B00675D3BEF3}.CD_ROM|Any CPU.Build.0 = Release|Any CPU
		{392FDF5C-05C6-47D7-BBD9-B00675D3BEF3}.CD_ROM|x86.ActiveCfg = Release|Any CPU
		{392FDF5C-05C6-47D7-BBD9-B00675D3BEF3}.Debug|Any CPU.ActiveCfg = Debug|Any CPU
		{392FDF5C-05C6-47D7-BBD9-B00675D3BEF3}.Debug|Any CPU.Build.0 = Debug|Any CPU
		{392FDF5C-05C6-47D7-BBD9-B00675D3BEF3}.Debug|x86.ActiveCfg = Debug|Any CPU
		{392FDF5C-05C6-47D7-BBD9-B00675D3BEF3}.DVD-5|Any CPU.ActiveCfg = Debug|Any CPU
		{392FDF5C-05C6-47D7-BBD9-B00675D3BEF3}.DVD-5|Any CPU.Build.0 = Debug|Any CPU
		{392FDF5C-05C6-47D7-BBD9-B00675D3BEF3}.DVD-5|x86.ActiveCfg = Debug|Any CPU
		{392FDF5C-05C6-47D7-BBD9-B00675D3BEF3}.Release|Any CPU.ActiveCfg = Release|Any CPU
		{392FDF5C-05C6-47D7-BBD9-B00675D3BEF3}.Release|Any CPU.Build.0 = Release|Any CPU
		{392FDF5C-05C6-47D7-BBD9-B00675D3BEF3}.Release|x86.ActiveCfg = Release|Any CPU
		{392FDF5C-05C6-47D7-BBD9-B00675D3BEF3}.SingleImage|Any CPU.ActiveCfg = Release|Any CPU
		{392FDF5C-05C6-47D7-BBD9-B00675D3BEF3}.SingleImage|Any CPU.Build.0 = Release|Any CPU
		{392FDF5C-05C6-47D7-BBD9-B00675D3BEF3}.SingleImage|x86.ActiveCfg = Release|Any CPU
		{00F95618-D8F5-4262-BE99-4D2C3C36A008}.CD_ROM|Any CPU.ActiveCfg = CD_ROM
		{00F95618-D8F5-4262-BE99-4D2C3C36A008}.CD_ROM|Any CPU.Build.0 = CD_ROM
		{00F95618-D8F5-4262-BE99-4D2C3C36A008}.CD_ROM|x86.ActiveCfg = CD_ROM
		{00F95618-D8F5-4262-BE99-4D2C3C36A008}.CD_ROM|x86.Build.0 = CD_ROM
		{00F95618-D8F5-4262-BE99-4D2C3C36A008}.Debug|Any CPU.ActiveCfg = DVD-5
		{00F95618-D8F5-4262-BE99-4D2C3C36A008}.Debug|Any CPU.Build.0 = DVD-5
		{00F95618-D8F5-4262-BE99-4D2C3C36A008}.Debug|x86.ActiveCfg = DVD-5
		{00F95618-D8F5-4262-BE99-4D2C3C36A008}.Debug|x86.Build.0 = DVD-5
		{00F95618-D8F5-4262-BE99-4D2C3C36A008}.DVD-5|Any CPU.ActiveCfg = DVD-5
		{00F95618-D8F5-4262-BE99-4D2C3C36A008}.DVD-5|Any CPU.Build.0 = DVD-5
		{00F95618-D8F5-4262-BE99-4D2C3C36A008}.DVD-5|x86.ActiveCfg = DVD-5
		{00F95618-D8F5-4262-BE99-4D2C3C36A008}.DVD-5|x86.Build.0 = DVD-5
		{00F95618-D8F5-4262-BE99-4D2C3C36A008}.Release|Any CPU.ActiveCfg = SingleImage
		{00F95618-D8F5-4262-BE99-4D2C3C36A008}.Release|Any CPU.Build.0 = SingleImage
		{00F95618-D8F5-4262-BE99-4D2C3C36A008}.Release|x86.ActiveCfg = SingleImage
		{00F95618-D8F5-4262-BE99-4D2C3C36A008}.Release|x86.Build.0 = SingleImage
		{00F95618-D8F5-4262-BE99-4D2C3C36A008}.SingleImage|Any CPU.ActiveCfg = SingleImage
		{00F95618-D8F5-4262-BE99-4D2C3C36A008}.SingleImage|Any CPU.Build.0 = SingleImage
		{00F95618-D8F5-4262-BE99-4D2C3C36A008}.SingleImage|x86.ActiveCfg = SingleImage
		{00F95618-D8F5-4262-BE99-4D2C3C36A008}.SingleImage|x86.Build.0 = SingleImage
	EndGlobalSection
	GlobalSection(SolutionProperties) = preSolution
		HideSolutionNode = FALSE
	EndGlobalSection
EndGlobal
